
Microsoft Visual Studio Solution File, Format Version 12.00
Project("{2150E333-8FDC-42A3-9474-1A3956D46DE8}") = "Core", "Core", "{0B05A73C-34A5-4D95-A7D1-BEAD709F9861}"
EndProject
Project("{FAE04EC0-301F-11D3-BF4B-00C04F79EFBC}") = "ISP.Domain", "src\Core\ISP.Domain\ISP.Domain.csproj", "{76DCACA5-8575-453A-B5C2-F4A0CA0D65F9}"
EndProject
Project("{FAE04EC0-301F-11D3-BF4B-00C04F79EFBC}") = "ISP.Application", "src\Core\ISP.Application\ISP.Application.csproj", "{6B686488-2B2E-4545-BFC9-91FB3BB5FABA}"
EndProject
Project("{2150E333-8FDC-42A3-9474-1A3956D46DE8}") = "Infrastructure", "Infrastructure", "{9770C2A5-7CF9-40A6-A440-C0D0B8728172}"
EndProject
Project("{FAE04EC0-301F-11D3-BF4B-00C04F79EFBC}") = "ISP.Infrastructure", "src\Infrastructure\ISP.Infrastructure\ISP.Infrastructure.csproj", "{EBE6CAC9-4898-47E2-A1DD-6F1BBEFC381E}"
EndProject
Project("{FAE04EC0-301F-11D3-BF4B-00C04F79EFBC}") = "ISP.Persistence", "src\Infrastructure\ISP.Persistence\ISP.Persistence.csproj", "{EB933EDC-5366-428B-A53F-94794934B766}"
EndProject
Project("{2150E333-8FDC-42A3-9474-1A3956D46DE8}") = "Presentation", "Presentation", "{34C3CBDE-8947-4F63-A16E-E7CA01923416}"
EndProject
Project("{FAE04EC0-301F-11D3-BF4B-00C04F79EFBC}") = "ISP.API", "src\Presentation\ISP.API\ISP.API.csproj", "{F415BD85-AB7F-47C2-8384-4674D8665920}"
EndProject
Project("{2150E333-8FDC-42A3-9474-1A3956D46DE8}") = "src", "src", "{13BEA6D6-703B-4E85-B22C-66438F50382D}"
EndProject

Global
	GlobalSection(SolutionConfigurationPlatforms) = preSolution
		Debug|Any CPU = Debug|Any CPU
		Release|Any CPU = Release|Any CPU
	EndGlobalSection
	GlobalSection(NestedProjects) = preSolution
		{76DCACA5-8575-453A-B5C2-F4A0CA0D65F9} = {0B05A73C-34A5-4D95-A7D1-BEAD709F9861}
		{6B686488-2B2E-4545-BFC9-91FB3BB5FABA} = {0B05A73C-34A5-4D95-A7D1-BEAD709F9861}
		{EBE6CAC9-4898-47E2-A1DD-6F1BBEFC381E} = {9770C2A5-7CF9-40A6-A440-C0D0B8728172}
		{EB933EDC-5366-428B-A53F-94794934B766} = {9770C2A5-7CF9-40A6-A440-C0D0B8728172}
		{F415BD85-AB7F-47C2-8384-4674D8665920} = {34C3CBDE-8947-4F63-A16E-E7CA01923416}
		{0B05A73C-34A5-4D95-A7D1-BEAD709F9861} = {13BEA6D6-703B-4E85-B22C-66438F50382D}
		{9770C2A5-7CF9-40A6-A440-C0D0B8728172} = {13BEA6D6-703B-4E85-B22C-66438F50382D}
		{34C3CBDE-8947-4F63-A16E-E7CA01923416} = {13BEA6D6-703B-4E85-B22C-66438F50382D}
	EndGlobalSection
	GlobalSection(ProjectConfigurationPlatforms) = postSolution
		{76DCACA5-8575-453A-B5C2-F4A0CA0D65F9}.Debug|Any CPU.ActiveCfg = Debug|Any CPU
		{76DCACA5-8575-453A-B5C2-F4A0CA0D65F9}.Debug|Any CPU.Build.0 = Debug|Any CPU
		{76DCACA5-8575-453A-B5C2-F4A0CA0D65F9}.Release|Any CPU.ActiveCfg = Release|Any CPU
		{76DCACA5-8575-453A-B5C2-F4A0CA0D65F9}.Release|Any CPU.Build.0 = Release|Any CPU
		{6B686488-2B2E-4545-BFC9-91FB3BB5FABA}.Debug|Any CPU.ActiveCfg = Debug|Any CPU
		{6B686488-2B2E-4545-BFC9-91FB3BB5FABA}.Debug|Any CPU.Build.0 = Debug|Any CPU
		{6B686488-2B2E-4545-BFC9-91FB3BB5FABA}.Release|Any CPU.ActiveCfg = Release|Any CPU
		{6B686488-2B2E-4545-BFC9-91FB3BB5FABA}.Release|Any CPU.Build.0 = Release|Any CPU
		{EBE6CAC9-4898-47E2-A1DD-6F1BBEFC381E}.Debug|Any CPU.ActiveCfg = Debug|Any CPU
		{EBE6CAC9-4898-47E2-A1DD-6F1BBEFC381E}.Debug|Any CPU.Build.0 = Debug|Any CPU
		{EBE6CAC9-4898-47E2-A1DD-6F1BBEFC381E}.Release|Any CPU.ActiveCfg = Release|Any CPU
		{EBE6CAC9-4898-47E2-A1DD-6F1BBEFC381E}.Release|Any CPU.Build.0 = Release|Any CPU
		{EB933EDC-5366-428B-A53F-94794934B766}.Debug|Any CPU.ActiveCfg = Debug|Any CPU
		{EB933EDC-5366-428B-A53F-94794934B766}.Debug|Any CPU.Build.0 = Debug|Any CPU
		{EB933EDC-5366-428B-A53F-94794934B766}.Release|Any CPU.ActiveCfg = Release|Any CPU
		{EB933EDC-5366-428B-A53F-94794934B766}.Release|Any CPU.Build.0 = Release|Any CPU
		{F415BD85-AB7F-47C2-8384-4674D8665920}.Debug|Any CPU.ActiveCfg = Debug|Any CPU
		{F415BD85-AB7F-47C2-8384-4674D8665920}.Debug|Any CPU.Build.0 = Debug|Any CPU
		{F415BD85-AB7F-47C2-8384-4674D8665920}.Release|Any CPU.ActiveCfg = Release|Any CPU
		{F415BD85-AB7F-47C2-8384-4674D8665920}.Release|Any CPU.Build.0 = Release|Any CPU
	EndGlobalSection
EndGlobal
